
Microsoft Visual Studio Solution File, Format Version 12.00
# Visual Studio Version 16
VisualStudioVersion = 16.0.30907.101
MinimumVisualStudioVersion = 10.0.40219.1
Project("{9A19103F-16F7-4668-BE54-9A1E7A4F7556}") = "Lesson-1", "Lesson-1\Lesson-1.csproj", "{181A4386-31E5-4CD0-9114-EDFCE9074359}"
EndProject
Project("{FAE04EC0-301F-11D3-BF4B-00C04F79EFBC}") = "Lesson-2", "lesson-2\Lesson-2.csproj", "{3C662531-CBDE-4565-9281-39B35066D94B}"
EndProject
Global
	GlobalSection(SolutionConfigurationPlatforms) = preSolution
		Debug|Any CPU = Debug|Any CPU
		Release|Any CPU = Release|Any CPU
	EndGlobalSection
	GlobalSection(ProjectConfigurationPlatforms) = postSolution
		{181A4386-31E5-4CD0-9114-EDFCE9074359}.Debug|Any CPU.ActiveCfg = Debug|Any CPU
		{181A4386-31E5-4CD0-9114-EDFCE9074359}.Debug|Any CPU.Build.0 = Debug|Any CPU
		{181A4386-31E5-4CD0-9114-EDFCE9074359}.Release|Any CPU.ActiveCfg = Release|Any CPU
		{181A4386-31E5-4CD0-9114-EDFCE9074359}.Release|Any CPU.Build.0 = Release|Any CPU
		{3C662531-CBDE-4565-9281-39B35066D94B}.Debug|Any CPU.ActiveCfg = Debug|Any CPU
		{3C662531-CBDE-4565-9281-39B35066D94B}.Debug|Any CPU.Build.0 = Debug|Any CPU
		{3C662531-CBDE-4565-9281-39B35066D94B}.Release|Any CPU.ActiveCfg = Release|Any CPU
		{3C662531-CBDE-4565-9281-39B35066D94B}.Release|Any CPU.Build.0 = Release|Any CPU
	EndGlobalSection
	GlobalSection(SolutionProperties) = preSolution
		HideSolutionNode = FALSE
	EndGlobalSection
	GlobalSection(ExtensibilityGlobals) = postSolution
		SolutionGuid = {A5F6132D-70BF-438F-8CC0-68FC933DA048}
	EndGlobalSection
EndGlobal
