
Microsoft Visual Studio Solution File, Format Version 12.00
# Visual Studio Version 16
VisualStudioVersion = 16.0.30907.101
MinimumVisualStudioVersion = 10.0.40219.1
Project("{9A19103F-16F7-4668-BE54-9A1E7A4F7556}") = "Lesson-1", "Lesson-1\Lesson-1.csproj", "{181A4386-31E5-4CD0-9114-EDFCE9074359}"
EndProject
Project("{9A19103F-16F7-4668-BE54-9A1E7A4F7556}") = "Lesson-2 (1,2,5)", "lesson-2\Lesson-2 (1,2,5).csproj", "{3C662531-CBDE-4565-9281-39B35066D94B}"
EndProject
Project("{9A19103F-16F7-4668-BE54-9A1E7A4F7556}") = "Lesson-2 (3)", "Lesson-2 (3)\Lesson-2 (3).csproj", "{096F48C6-F49E-4D06-831B-744DDFA92150}"
EndProject
Project("{9A19103F-16F7-4668-BE54-9A1E7A4F7556}") = "Lesson-2 (4)", "Lesson-2 (4)\Lesson-2 (4).csproj", "{A4DEE45A-67A2-4E07-B426-9EEC2F837A92}"
EndProject
Project("{9A19103F-16F7-4668-BE54-9A1E7A4F7556}") = "Lesson-2 (6)", "Lesson-2 (6)\Lesson-2 (6).csproj", "{29B49CAE-1D90-42C9-86A8-28709960514D}"
EndProject
Project("{FAE04EC0-301F-11D3-BF4B-00C04F79EFBC}") = "Lesson-3", "Lesson-3\Lesson-3.csproj", "{2DCC0DE2-6814-4751-A8CD-91A29B9E331B}"
EndProject
Global
	GlobalSection(SolutionConfigurationPlatforms) = preSolution
		Debug|Any CPU = Debug|Any CPU
		Release|Any CPU = Release|Any CPU
	EndGlobalSection
	GlobalSection(ProjectConfigurationPlatforms) = postSolution
		{181A4386-31E5-4CD0-9114-EDFCE9074359}.Debug|Any CPU.ActiveCfg = Debug|Any CPU
		{181A4386-31E5-4CD0-9114-EDFCE9074359}.Debug|Any CPU.Build.0 = Debug|Any CPU
		{181A4386-31E5-4CD0-9114-EDFCE9074359}.Release|Any CPU.ActiveCfg = Release|Any CPU
		{181A4386-31E5-4CD0-9114-EDFCE9074359}.Release|Any CPU.Build.0 = Release|Any CPU
		{3C662531-CBDE-4565-9281-39B35066D94B}.Debug|Any CPU.ActiveCfg = Debug|Any CPU
		{3C662531-CBDE-4565-9281-39B35066D94B}.Debug|Any CPU.Build.0 = Debug|Any CPU
		{3C662531-CBDE-4565-9281-39B35066D94B}.Release|Any CPU.ActiveCfg = Release|Any CPU
		{3C662531-CBDE-4565-9281-39B35066D94B}.Release|Any CPU.Build.0 = Release|Any CPU
		{096F48C6-F49E-4D06-831B-744DDFA92150}.Debug|Any CPU.ActiveCfg = Debug|Any CPU
		{096F48C6-F49E-4D06-831B-744DDFA92150}.Debug|Any CPU.Build.0 = Debug|Any CPU
		{096F48C6-F49E-4D06-831B-744DDFA92150}.Release|Any CPU.ActiveCfg = Release|Any CPU
		{096F48C6-F49E-4D06-831B-744DDFA92150}.Release|Any CPU.Build.0 = Release|Any CPU
		{A4DEE45A-67A2-4E07-B426-9EEC2F837A92}.Debug|Any CPU.ActiveCfg = Debug|Any CPU
		{A4DEE45A-67A2-4E07-B426-9EEC2F837A92}.Debug|Any CPU.Build.0 = Debug|Any CPU
		{A4DEE45A-67A2-4E07-B426-9EEC2F837A92}.Release|Any CPU.ActiveCfg = Release|Any CPU
		{A4DEE45A-67A2-4E07-B426-9EEC2F837A92}.Release|Any CPU.Build.0 = Release|Any CPU
		{29B49CAE-1D90-42C9-86A8-28709960514D}.Debug|Any CPU.ActiveCfg = Debug|Any CPU
		{29B49CAE-1D90-42C9-86A8-28709960514D}.Debug|Any CPU.Build.0 = Debug|Any CPU
		{29B49CAE-1D90-42C9-86A8-28709960514D}.Release|Any CPU.ActiveCfg = Release|Any CPU
		{29B49CAE-1D90-42C9-86A8-28709960514D}.Release|Any CPU.Build.0 = Release|Any CPU
		{2DCC0DE2-6814-4751-A8CD-91A29B9E331B}.Debug|Any CPU.ActiveCfg = Debug|Any CPU
		{2DCC0DE2-6814-4751-A8CD-91A29B9E331B}.Debug|Any CPU.Build.0 = Debug|Any CPU
		{2DCC0DE2-6814-4751-A8CD-91A29B9E331B}.Release|Any CPU.ActiveCfg = Release|Any CPU
		{2DCC0DE2-6814-4751-A8CD-91A29B9E331B}.Release|Any CPU.Build.0 = Release|Any CPU
	EndGlobalSection
	GlobalSection(SolutionProperties) = preSolution
		HideSolutionNode = FALSE
	EndGlobalSection
	GlobalSection(ExtensibilityGlobals) = postSolution
		SolutionGuid = {A5F6132D-70BF-438F-8CC0-68FC933DA048}
	EndGlobalSection
EndGlobal
